
Microsoft Visual Studio Solution File, Format Version 12.00
Project("{FAE04EC0-301F-11D3-BF4B-00C04F79EFBC}") = "Task1", "Task1\Task1.csproj", "{96A67B31-EDC0-452A-804C-AFAD37768E53}"
EndProject
Project("{FAE04EC0-301F-11D3-BF4B-00C04F79EFBC}") = "Task2", "Task2\Task2.csproj", "{6C65B4BF-752A-46B1-81D9-46AA2D9D5A34}"
EndProject
Project("{FAE04EC0-301F-11D3-BF4B-00C04F79EFBC}") = "Task3", "Task3\Task3.csproj", "{FCEA6AE6-A10B-4E33-81F3-87B27114D1AA}"
EndProject
Global
	GlobalSection(SolutionConfigurationPlatforms) = preSolution
		Debug|Any CPU = Debug|Any CPU
		Release|Any CPU = Release|Any CPU
	EndGlobalSection
	GlobalSection(ProjectConfigurationPlatforms) = postSolution
		{96A67B31-EDC0-452A-804C-AFAD37768E53}.Debug|Any CPU.ActiveCfg = Debug|Any CPU
		{96A67B31-EDC0-452A-804C-AFAD37768E53}.Debug|Any CPU.Build.0 = Debug|Any CPU
		{96A67B31-EDC0-452A-804C-AFAD37768E53}.Release|Any CPU.ActiveCfg = Release|Any CPU
		{96A67B31-EDC0-452A-804C-AFAD37768E53}.Release|Any CPU.Build.0 = Release|Any CPU
		{6C65B4BF-752A-46B1-81D9-46AA2D9D5A34}.Debug|Any CPU.ActiveCfg = Debug|Any CPU
		{6C65B4BF-752A-46B1-81D9-46AA2D9D5A34}.Debug|Any CPU.Build.0 = Debug|Any CPU
		{6C65B4BF-752A-46B1-81D9-46AA2D9D5A34}.Release|Any CPU.ActiveCfg = Release|Any CPU
		{6C65B4BF-752A-46B1-81D9-46AA2D9D5A34}.Release|Any CPU.Build.0 = Release|Any CPU
		{FCEA6AE6-A10B-4E33-81F3-87B27114D1AA}.Debug|Any CPU.ActiveCfg = Debug|Any CPU
		{FCEA6AE6-A10B-4E33-81F3-87B27114D1AA}.Debug|Any CPU.Build.0 = Debug|Any CPU
		{FCEA6AE6-A10B-4E33-81F3-87B27114D1AA}.Release|Any CPU.ActiveCfg = Release|Any CPU
		{FCEA6AE6-A10B-4E33-81F3-87B27114D1AA}.Release|Any CPU.Build.0 = Release|Any CPU
	EndGlobalSection
EndGlobal
