
Microsoft Visual Studio Solution File, Format Version 12.00
Project("{FAE04EC0-301F-11D3-BF4B-00C04F79EFBC}") = "AnimalClasses", "AnimalClasses\AnimalClasses.csproj", "{02982573-6018-4F38-9399-57D85D65893E}"
EndProject
Project("{FAE04EC0-301F-11D3-BF4B-00C04F79EFBC}") = "Lab7", "Lab7\Lab7.csproj", "{6F490F2E-D0DB-43F5-80C4-B119E6683E8E}"
EndProject
Global
	GlobalSection(SolutionConfigurationPlatforms) = preSolution
		Debug|Any CPU = Debug|Any CPU
		Release|Any CPU = Release|Any CPU
	EndGlobalSection
	GlobalSection(ProjectConfigurationPlatforms) = postSolution
		{02982573-6018-4F38-9399-57D85D65893E}.Debug|Any CPU.ActiveCfg = Debug|Any CPU
		{02982573-6018-4F38-9399-57D85D65893E}.Debug|Any CPU.Build.0 = Debug|Any CPU
		{02982573-6018-4F38-9399-57D85D65893E}.Release|Any CPU.ActiveCfg = Release|Any CPU
		{02982573-6018-4F38-9399-57D85D65893E}.Release|Any CPU.Build.0 = Release|Any CPU
		{6F490F2E-D0DB-43F5-80C4-B119E6683E8E}.Debug|Any CPU.ActiveCfg = Debug|Any CPU
		{6F490F2E-D0DB-43F5-80C4-B119E6683E8E}.Debug|Any CPU.Build.0 = Debug|Any CPU
		{6F490F2E-D0DB-43F5-80C4-B119E6683E8E}.Release|Any CPU.ActiveCfg = Release|Any CPU
		{6F490F2E-D0DB-43F5-80C4-B119E6683E8E}.Release|Any CPU.Build.0 = Release|Any CPU
	EndGlobalSection
EndGlobal
